{
  "name": "hidnf",
  "lockfileVersion": 2,
  "requires": true,
  "packages": {
    "": {
      "dependencies": {
        "@studio-freight/lenis": "^1.0.14",
        "animejs": "^3.2.1"
      }
    },
    "node_modules/@studio-freight/lenis": {
      "version": "1.0.14",
      "resolved": "https://registry.npmjs.org/@studio-freight/lenis/-/lenis-1.0.14.tgz",
      "integrity": "sha512-tkKeh5UNylVMqxjItl3gBe0kEdOZil3392TCva1CPcsjvhvkC0sn1feHPAFRO3YmSzQUXCKJ3wjJL/lTaCDQmA=="
    },
    "node_modules/animejs": {
      "version": "3.2.1",
      "resolved": "https://registry.npmjs.org/animejs/-/animejs-3.2.1.tgz",
      "integrity": "sha512-sWno3ugFryK5nhiDm/2BKeFCpZv7vzerWUcUPyAZLDhMek3+S/p418ldZJbJXo5ZUOpfm2kP2XRO4NJcULMy9A=="
    }
  },
  "dependencies": {
    "@studio-freight/lenis": {
      "version": "1.0.14",
      "resolved": "https://registry.npmjs.org/@studio-freight/lenis/-/lenis-1.0.14.tgz",
      "integrity": "sha512-tkKeh5UNylVMqxjItl3gBe0kEdOZil3392TCva1CPcsjvhvkC0sn1feHPAFRO3YmSzQUXCKJ3wjJL/lTaCDQmA=="
    },
    "animejs": {
      "version": "3.2.1",
      "resolved": "https://registry.npmjs.org/animejs/-/animejs-3.2.1.tgz",
      "integrity": "sha512-sWno3ugFryK5nhiDm/2BKeFCpZv7vzerWUcUPyAZLDhMek3+S/p418ldZJbJXo5ZUOpfm2kP2XRO4NJcULMy9A=="
    }
  }
}
